[[package]]
name = "py4j"
version = "0.10.9.5"
summary = "Enables Python programs to dynamically access arbitrary Java objects"

[[package]]
name = "pyspark"
version = "3.3.0"
requires_python = ">=3.7"
summary = "Apache Spark Python API"
dependencies = [
    "py4j==0.10.9.5",
]

[metadata]
lock_version = "4.0"
content_hash = "sha256:e8d28133c67ff6d64d520b8bd06cf05b24b2996a1b7def413f7fd4a3b77e118d"

[metadata.files]
"py4j 0.10.9.5" = [
    {url = "https://files.pythonhosted.org/packages/86/ec/60880978512d5569ca4bf32b3b4d7776a528ecf4bca4523936c98c92a3c8/py4j-0.10.9.5-py2.py3-none-any.whl", hash = "sha256:52d171a6a2b031d8a5d1de6efe451cf4f5baff1a2819aabc3741c8406539ba04"},
    {url = "https://files.pythonhosted.org/packages/ce/1f/b00295b6da3bd2f050912b9f71fdb436ae8f1601cf161365937d8553e24b/py4j-0.10.9.5.tar.gz", hash = "sha256:276a4a3c5a2154df1860ef3303a927460e02e97b047dc0a47c1c3fb8cce34db6"},
]
"pyspark 3.3.0" = [
    {url = "https://files.pythonhosted.org/packages/b8/01/b2393cee7f6180d9150274e92c8bdc1c81220e2ad7554ee5febca1866899/pyspark-3.3.0.tar.gz", hash = "sha256:7ebe8e9505647b4d124d5a82fca60dfd3891021cf8ad6c5ec88777eeece92cf7"},
]
